{
  "name": "scripts",
  "lockfileVersion": 2,
  "requires": true,
  "packages": {
    "": {
      "dependencies": {
        "tsparticles": "^1.37.5"
      }
    },
    "node_modules/tsparticles": {
      "version": "1.37.5",
      "resolved": "https://registry.npmjs.org/tsparticles/-/tsparticles-1.37.5.tgz",
      "integrity": "sha512-BQBRnnKKhKH2POwxuHzPiuL/zPUjuR5QmMCFQ2vm3fadE2k4vqmH099m1R9R+nt0lTvWL6SCS0hYQQkqUjsMXg==",
      "hasInstallScript": true,
      "funding": {
        "type": "github",
        "url": "https://github.com/sponsors/matteobruni"
      }
    }
  },
  "dependencies": {
    "tsparticles": {
      "version": "1.37.5",
      "resolved": "https://registry.npmjs.org/tsparticles/-/tsparticles-1.37.5.tgz",
      "integrity": "sha512-BQBRnnKKhKH2POwxuHzPiuL/zPUjuR5QmMCFQ2vm3fadE2k4vqmH099m1R9R+nt0lTvWL6SCS0hYQQkqUjsMXg=="
    }
  }
}
